<?xml version="1.0" encoding="utf-8"?>
<Project ToolsVersion="4.0" xmlns="http://schemas.microsoft.com/developer/msbuild/2003">
  <ItemGroup>
    <Filter Include="Source Files">
      <UniqueIdentifier>{4026d2f1-e8df-45e3-9aab-f54d51f59259}</UniqueIdentifier>
      <Extensions>cpp;c;cxx;rc;def;r;odl;idl;hpj;bat</Extensions>
    </Filter>
    <Filter Include="Header Files">
      <UniqueIdentifier>{4b27b414-5088-4637-ae04-4a3415ceb144}</UniqueIdentifier>
      <Extensions>h;hpp;hxx;hm;inl</Extensions>
    </Filter>
    <Filter Include="Resource Files">
      <UniqueIdentifier>{636fa232-c211-4b5b-92de-6f7ee2e72c2c}</UniqueIdentifier>
      <Extensions>ico;cur;bmp;dlg;rc2;rct;bin;rgs;gif;jpg;jpeg;jpe</Extensions>
    </Filter>
  </ItemGroup>
  <ItemGroup>
    <ClCompile Include="app.cpp">
      <Filter>Source Files</Filter>
    </ClCompile>
    <ClCompile Include="apputils.cpp">
      <Filter>Source Files</Filter>
    </ClCompile>
    <ClCompile Include="deskpins.cpp">
      <Filter>Source Files</Filter>
    </ClCompile>
    <ClCompile Include="help.cpp">
      <Filter>Source Files</Filter>
    </ClCompile>
    <ClCompile Include="mainwnd.cpp">
      <Filter>Source Files</Filter>
    </ClCompile>
    <ClCompile Include="optautopin.cpp">
      <Filter>Source Files</Filter>
    </ClCompile>
    <ClCompile Include="opthotkeys.cpp">
      <Filter>Source Files</Filter>
    </ClCompile>
    <ClCompile Include="options.cpp">
      <Filter>Source Files</Filter>
    </ClCompile>
    <ClCompile Include="optionsdlg.cpp">
      <Filter>Source Files</Filter>
    </ClCompile>
    <ClCompile Include="optlang.cpp">
      <Filter>Source Files</Filter>
    </ClCompile>
    <ClCompile Include="optpins.cpp">
      <Filter>Source Files</Filter>
    </ClCompile>
    <ClCompile Include="pinlayerwnd.cpp">
      <Filter>Source Files</Filter>
    </ClCompile>
    <ClCompile Include="pinshape.cpp">
      <Filter>Source Files</Filter>
    </ClCompile>
    <ClCompile Include="pinwnd.cpp">
      <Filter>Source Files</Filter>
    </ClCompile>
    <ClCompile Include="stdafx.cpp">
      <Filter>Source Files</Filter>
    </ClCompile>
    <ClCompile Include="trayicon.cpp">
      <Filter>Source Files</Filter>
    </ClCompile>
    <ClCompile Include="util.cpp">
      <Filter>Source Files</Filter>
    </ClCompile>
  </ItemGroup>
  <ItemGroup>
    <ResourceCompile Include="deskpins.rc">
      <Filter>Source Files</Filter>
    </ResourceCompile>
  </ItemGroup>
  <ItemGroup>
    <ClInclude Include="app.h">
      <Filter>Header Files</Filter>
    </ClInclude>
    <ClInclude Include="apputils.h">
      <Filter>Header Files</Filter>
    </ClInclude>
    <ClInclude Include="common.h">
      <Filter>Header Files</Filter>
    </ClInclude>
    <ClInclude Include="help.h">
      <Filter>Header Files</Filter>
    </ClInclude>
    <ClInclude Include="mainwnd.h">
      <Filter>Header Files</Filter>
    </ClInclude>
    <ClInclude Include="optautopin.h">
      <Filter>Header Files</Filter>
    </ClInclude>
    <ClInclude Include="opthotkeys.h">
      <Filter>Header Files</Filter>
    </ClInclude>
    <ClInclude Include="options.h">
      <Filter>Header Files</Filter>
    </ClInclude>
    <ClInclude Include="optionsdlg.h">
      <Filter>Header Files</Filter>
    </ClInclude>
    <ClInclude Include="optlang.h">
      <Filter>Header Files</Filter>
    </ClInclude>
    <ClInclude Include="optpins.h">
      <Filter>Header Files</Filter>
    </ClInclude>
    <ClInclude Include="pinlayerwnd.h">
      <Filter>Header Files</Filter>
    </ClInclude>
    <ClInclude Include="pinshape.h">
      <Filter>Header Files</Filter>
    </ClInclude>
    <ClInclude Include="pinwnd.h">
      <Filter>Header Files</Filter>
    </ClInclude>
    <ClInclude Include="resource.h">
      <Filter>Header Files</Filter>
    </ClInclude>
    <ClInclude Include="stdafx.h">
      <Filter>Header Files</Filter>
    </ClInclude>
    <ClInclude Include="trayicon.h">
      <Filter>Header Files</Filter>
    </ClInclude>
    <ClInclude Include="util.h">
      <Filter>Header Files</Filter>
    </ClInclude>
  </ItemGroup>
  <ItemGroup>
    <Image Include="res\app.ico">
      <Filter>Resource Files</Filter>
    </Image>
    <Image Include="res\pin.bmp">
      <Filter>Resource Files</Filter>
    </Image>
  </ItemGroup>
  <ItemGroup>
    <None Include="res\bullseye.cur">
      <Filter>Resource Files</Filter>
    </None>
    <None Include="res\placepin.cur">
      <Filter>Resource Files</Filter>
    </None>
    <None Include="res\removepin.cur">
      <Filter>Resource Files</Filter>
    </None>
    <None Include="readme.md" />
  </ItemGroup>
  <ItemGroup>
    <Text Include="changelog.txt" />
  </ItemGroup>
</Project>